# Kilitli bağımlılıklar — Windows x64 (win_amd64), CPython 3.12. Tüm paketler wheel, hash'li.
# Üretildi: Windows pip'i (Wine) ile 'pip download --only-binary=:all:'; hash = indirilen wheel SHA-256.
# Kurulum: py -3.12 -m pip install --require-hashes --no-deps --only-binary=:all: -r requirements-windows.lock
customtkinter==6.0.0 \
    --hash=sha256:704fcbf1d2fca06bd7881b0afacfae72aed9864c9b6de2870e632e55eb3a0456
darkdetect==0.8.0 \
    --hash=sha256:a7509ccf517eaad92b31c214f593dbcf138ea8a43b2935406bbd565e15527a85
jaraco-classes==3.4.0 \
    --hash=sha256:f662826b6bed8cace05e7ff873ce0f9283b5c924470fe664fff1c2f00f581790
jaraco-context==6.1.2 \
    --hash=sha256:bf8150b79a2d5d91ae48629d8b427a8f7ba0e1097dd6202a9059f29a36379535
jaraco-functools==4.6.0 \
    --hash=sha256:99e3dc0060c5cbe8fcd1cdb36258e2a65ca40f1566b2033b12abb1bb44dd3c30
keyring==25.7.0 \
    --hash=sha256:be4a0b195f149690c166e850609a477c532ddbfbaed96a404d4e43f8d5e2689f
more-itertools==11.1.0 \
    --hash=sha256:4b65538ae22f6fed0ce4874efd317463a7489796a0939fa66824dd542125a192
packaging==26.3 \
    --hash=sha256:d7193f7c8e4e93f444fde0262bf90af30e16fa0ad0ad44cb553c87339b23cd1c
pyotp==2.10.0 \
    --hash=sha256:1df2f6a1bcc3bb0716172a5215ddc2f8c7c7fd26a13df9927d52e1746934836c
pywin32-ctypes==0.2.3 \
    --hash=sha256:8a1513379d709975552d202d942d9837758905c8d01eb82b8bcc30918929e7b8
